
Microsoft Visual Studio Solution File, Format Version 12.00
# Visual Studio Version 17
VisualStudioVersion = 17.0.31903.59
MinimumVisualStudioVersion = 10.0.40219.1
Project("{9A19103F-16F7-4668-BE54-9A1E7A4F7556}") = "ConvertMetricUnits.API", "ConvertMetricUnits.API\ConvertMetricUnits.API.csproj", "{3E5A18AB-ECF5-471C-A5C7-53B019FE3175}"
EndProject
Project("{9A19103F-16F7-4668-BE54-9A1E7A4F7556}") = "ConvertMetricUnits.Data", "ConvertMetricUnits.Data\ConvertMetricUnits.Data.csproj", "{D52BB34D-FF3C-477B-AE26-09D702E9FEB9}"
EndProject
Project("{9A19103F-16F7-4668-BE54-9A1E7A4F7556}") = "ConvertMetricUnits.Core", "ConvertMetricUnits.Core\ConvertMetricUnits.Core.csproj", "{2E538A53-6A74-4A98-884E-37F34AB5DC8E}"
EndProject
Project("{2150E333-8FDC-42A3-9474-1A3956D46DE8}") = "Tests", "Tests", "{C748C3D7-7493-47DE-AC59-D4CA7ABF3A38}"
EndProject
Project("{9A19103F-16F7-4668-BE54-9A1E7A4F7556}") = "ConvertMetricUnits.Core.Tests", "Tests\ConvertMetricUnits.Core.Tests\ConvertMetricUnits.Core.Tests.csproj", "{77ADA86B-0544-42C9-A77B-53AA6C652143}"
EndProject
Project("{9A19103F-16F7-4668-BE54-9A1E7A4F7556}") = "ConvertMetricUnits.API.Tests", "Tests\ConvertMetricUnits.API.Tests\ConvertMetricUnits.API.Tests.csproj", "{AA2DC9D7-EBD8-4BD1-89DA-71A463D44EA2}"
EndProject
Project("{2150E333-8FDC-42A3-9474-1A3956D46DE8}") = "Services", "Services", "{A0CA4041-1AB4-4F0B-A715-AF90CDDC428A}"
EndProject
Project("{9A19103F-16F7-4668-BE54-9A1E7A4F7556}") = "LoggerService", "Services\ConvertMetricUnits.Logger\LoggerService.csproj", "{3F65301C-2189-4DE3-8524-B7E4F6FA1A0E}"
EndProject
Project("{2150E333-8FDC-42A3-9474-1A3956D46DE8}") = "Tests", "Tests", "{D58CD713-02DA-4DD8-B8F4-5413F1F4DB2B}"
EndProject
Project("{9A19103F-16F7-4668-BE54-9A1E7A4F7556}") = "LoggerService.Tests", "Services\Tests\LoggerService.Tests\LoggerService.Tests.csproj", "{E5A2B34F-5A07-4B73-891C-A67DB759C231}"
EndProject
Project("{2150E333-8FDC-42A3-9474-1A3956D46DE8}") = "Client-App", "Client-App", "{D6F531AD-1242-4D3B-A9C7-3147333F2182}"
EndProject
Project("{FAE04EC0-301F-11D3-BF4B-00C04F79EFBC}") = "ConvertMetric.Web", "Client-App\ConvertMetric.Web\ConvertMetric.Web.csproj", "{2CCB5478-E9C9-4111-82CF-52DD8FED828D}"
EndProject
Global
	GlobalSection(SolutionConfigurationPlatforms) = preSolution
		Debug|Any CPU = Debug|Any CPU
		Release|Any CPU = Release|Any CPU
	EndGlobalSection
	GlobalSection(ProjectConfigurationPlatforms) = postSolution
		{3E5A18AB-ECF5-471C-A5C7-53B019FE3175}.Debug|Any CPU.ActiveCfg = Debug|Any CPU
		{3E5A18AB-ECF5-471C-A5C7-53B019FE3175}.Debug|Any CPU.Build.0 = Debug|Any CPU
		{3E5A18AB-ECF5-471C-A5C7-53B019FE3175}.Release|Any CPU.ActiveCfg = Release|Any CPU
		{3E5A18AB-ECF5-471C-A5C7-53B019FE3175}.Release|Any CPU.Build.0 = Release|Any CPU
		{D52BB34D-FF3C-477B-AE26-09D702E9FEB9}.Debug|Any CPU.ActiveCfg = Debug|Any CPU
		{D52BB34D-FF3C-477B-AE26-09D702E9FEB9}.Debug|Any CPU.Build.0 = Debug|Any CPU
		{D52BB34D-FF3C-477B-AE26-09D702E9FEB9}.Release|Any CPU.ActiveCfg = Release|Any CPU
		{D52BB34D-FF3C-477B-AE26-09D702E9FEB9}.Release|Any CPU.Build.0 = Release|Any CPU
		{2E538A53-6A74-4A98-884E-37F34AB5DC8E}.Debug|Any CPU.ActiveCfg = Debug|Any CPU
		{2E538A53-6A74-4A98-884E-37F34AB5DC8E}.Debug|Any CPU.Build.0 = Debug|Any CPU
		{2E538A53-6A74-4A98-884E-37F34AB5DC8E}.Release|Any CPU.ActiveCfg = Release|Any CPU
		{2E538A53-6A74-4A98-884E-37F34AB5DC8E}.Release|Any CPU.Build.0 = Release|Any CPU
		{77ADA86B-0544-42C9-A77B-53AA6C652143}.Debug|Any CPU.ActiveCfg = Debug|Any CPU
		{77ADA86B-0544-42C9-A77B-53AA6C652143}.Debug|Any CPU.Build.0 = Debug|Any CPU
		{77ADA86B-0544-42C9-A77B-53AA6C652143}.Release|Any CPU.ActiveCfg = Release|Any CPU
		{77ADA86B-0544-42C9-A77B-53AA6C652143}.Release|Any CPU.Build.0 = Release|Any CPU
		{AA2DC9D7-EBD8-4BD1-89DA-71A463D44EA2}.Debug|Any CPU.ActiveCfg = Debug|Any CPU
		{AA2DC9D7-EBD8-4BD1-89DA-71A463D44EA2}.Debug|Any CPU.Build.0 = Debug|Any CPU
		{AA2DC9D7-EBD8-4BD1-89DA-71A463D44EA2}.Release|Any CPU.ActiveCfg = Release|Any CPU
		{AA2DC9D7-EBD8-4BD1-89DA-71A463D44EA2}.Release|Any CPU.Build.0 = Release|Any CPU
		{3F65301C-2189-4DE3-8524-B7E4F6FA1A0E}.Debug|Any CPU.ActiveCfg = Debug|Any CPU
		{3F65301C-2189-4DE3-8524-B7E4F6FA1A0E}.Debug|Any CPU.Build.0 = Debug|Any CPU
		{3F65301C-2189-4DE3-8524-B7E4F6FA1A0E}.Release|Any CPU.ActiveCfg = Release|Any CPU
		{3F65301C-2189-4DE3-8524-B7E4F6FA1A0E}.Release|Any CPU.Build.0 = Release|Any CPU
		{E5A2B34F-5A07-4B73-891C-A67DB759C231}.Debug|Any CPU.ActiveCfg = Debug|Any CPU
		{E5A2B34F-5A07-4B73-891C-A67DB759C231}.Debug|Any CPU.Build.0 = Debug|Any CPU
		{E5A2B34F-5A07-4B73-891C-A67DB759C231}.Release|Any CPU.ActiveCfg = Release|Any CPU
		{E5A2B34F-5A07-4B73-891C-A67DB759C231}.Release|Any CPU.Build.0 = Release|Any CPU
		{2CCB5478-E9C9-4111-82CF-52DD8FED828D}.Debug|Any CPU.ActiveCfg = Debug|Any CPU
		{2CCB5478-E9C9-4111-82CF-52DD8FED828D}.Debug|Any CPU.Build.0 = Debug|Any CPU
		{2CCB5478-E9C9-4111-82CF-52DD8FED828D}.Release|Any CPU.ActiveCfg = Release|Any CPU
		{2CCB5478-E9C9-4111-82CF-52DD8FED828D}.Release|Any CPU.Build.0 = Release|Any CPU
	EndGlobalSection
	GlobalSection(SolutionProperties) = preSolution
		HideSolutionNode = FALSE
	EndGlobalSection
	GlobalSection(NestedProjects) = preSolution
		{77ADA86B-0544-42C9-A77B-53AA6C652143} = {C748C3D7-7493-47DE-AC59-D4CA7ABF3A38}
		{AA2DC9D7-EBD8-4BD1-89DA-71A463D44EA2} = {C748C3D7-7493-47DE-AC59-D4CA7ABF3A38}
		{3F65301C-2189-4DE3-8524-B7E4F6FA1A0E} = {A0CA4041-1AB4-4F0B-A715-AF90CDDC428A}
		{D58CD713-02DA-4DD8-B8F4-5413F1F4DB2B} = {A0CA4041-1AB4-4F0B-A715-AF90CDDC428A}
		{E5A2B34F-5A07-4B73-891C-A67DB759C231} = {D58CD713-02DA-4DD8-B8F4-5413F1F4DB2B}
		{2CCB5478-E9C9-4111-82CF-52DD8FED828D} = {D6F531AD-1242-4D3B-A9C7-3147333F2182}
	EndGlobalSection
	GlobalSection(ExtensibilityGlobals) = postSolution
		SolutionGuid = {C37E766E-DC77-494F-A47D-7A4307A1BCA7}
	EndGlobalSection
EndGlobal
