
Microsoft Visual Studio Solution File, Format Version 12.00
# Visual Studio Version 17
VisualStudioVersion = 17.0.31903.59
MinimumVisualStudioVersion = 10.0.40219.1
Project("{9A19103F-16F7-4668-BE54-9A1E7A4F7556}") = "ConvertMetricUnits.API", "ConvertMetricUnits.API\ConvertMetricUnits.API.csproj", "{3E5A18AB-ECF5-471C-A5C7-53B019FE3175}"
EndProject
Project("{9A19103F-16F7-4668-BE54-9A1E7A4F7556}") = "ConvertMetricUnits.Data", "ConvertMetricUnits.Data\ConvertMetricUnits.Data.csproj", "{D52BB34D-FF3C-477B-AE26-09D702E9FEB9}"
EndProject
Project("{9A19103F-16F7-4668-BE54-9A1E7A4F7556}") = "ConvertMetricUnits.Core", "ConvertMetricUnits.Core\ConvertMetricUnits.Core.csproj", "{2E538A53-6A74-4A98-884E-37F34AB5DC8E}"
EndProject
Project("{2150E333-8FDC-42A3-9474-1A3956D46DE8}") = "Tests", "Tests", "{C748C3D7-7493-47DE-AC59-D4CA7ABF3A38}"
EndProject
Project("{FAE04EC0-301F-11D3-BF4B-00C04F79EFBC}") = "ConvertMetricUnits.Core.Tests", "Tests\ConvertMetricUnits.Core.Tests\ConvertMetricUnits.Core.Tests.csproj", "{77ADA86B-0544-42C9-A77B-53AA6C652143}"
EndProject
Project("{FAE04EC0-301F-11D3-BF4B-00C04F79EFBC}") = "ConvertMetricUnits.API.Tests", "Tests\ConvertMetricUnits.API.Tests\ConvertMetricUnits.API.Tests.csproj", "{AA2DC9D7-EBD8-4BD1-89DA-71A463D44EA2}"
EndProject
Global
	GlobalSection(SolutionConfigurationPlatforms) = preSolution
		Debug|Any CPU = Debug|Any CPU
		Release|Any CPU = Release|Any CPU
	EndGlobalSection
	GlobalSection(ProjectConfigurationPlatforms) = postSolution
		{3E5A18AB-ECF5-471C-A5C7-53B019FE3175}.Debug|Any CPU.ActiveCfg = Debug|Any CPU
		{3E5A18AB-ECF5-471C-A5C7-53B019FE3175}.Debug|Any CPU.Build.0 = Debug|Any CPU
		{3E5A18AB-ECF5-471C-A5C7-53B019FE3175}.Release|Any CPU.ActiveCfg = Release|Any CPU
		{3E5A18AB-ECF5-471C-A5C7-53B019FE3175}.Release|Any CPU.Build.0 = Release|Any CPU
		{D52BB34D-FF3C-477B-AE26-09D702E9FEB9}.Debug|Any CPU.ActiveCfg = Debug|Any CPU
		{D52BB34D-FF3C-477B-AE26-09D702E9FEB9}.Debug|Any CPU.Build.0 = Debug|Any CPU
		{D52BB34D-FF3C-477B-AE26-09D702E9FEB9}.Release|Any CPU.ActiveCfg = Release|Any CPU
		{D52BB34D-FF3C-477B-AE26-09D702E9FEB9}.Release|Any CPU.Build.0 = Release|Any CPU
		{2E538A53-6A74-4A98-884E-37F34AB5DC8E}.Debug|Any CPU.ActiveCfg = Debug|Any CPU
		{2E538A53-6A74-4A98-884E-37F34AB5DC8E}.Debug|Any CPU.Build.0 = Debug|Any CPU
		{2E538A53-6A74-4A98-884E-37F34AB5DC8E}.Release|Any CPU.ActiveCfg = Release|Any CPU
		{2E538A53-6A74-4A98-884E-37F34AB5DC8E}.Release|Any CPU.Build.0 = Release|Any CPU
		{77ADA86B-0544-42C9-A77B-53AA6C652143}.Debug|Any CPU.ActiveCfg = Debug|Any CPU
		{77ADA86B-0544-42C9-A77B-53AA6C652143}.Debug|Any CPU.Build.0 = Debug|Any CPU
		{77ADA86B-0544-42C9-A77B-53AA6C652143}.Release|Any CPU.ActiveCfg = Release|Any CPU
		{77ADA86B-0544-42C9-A77B-53AA6C652143}.Release|Any CPU.Build.0 = Release|Any CPU
		{AA2DC9D7-EBD8-4BD1-89DA-71A463D44EA2}.Debug|Any CPU.ActiveCfg = Debug|Any CPU
		{AA2DC9D7-EBD8-4BD1-89DA-71A463D44EA2}.Debug|Any CPU.Build.0 = Debug|Any CPU
		{AA2DC9D7-EBD8-4BD1-89DA-71A463D44EA2}.Release|Any CPU.ActiveCfg = Release|Any CPU
		{AA2DC9D7-EBD8-4BD1-89DA-71A463D44EA2}.Release|Any CPU.Build.0 = Release|Any CPU
	EndGlobalSection
	GlobalSection(SolutionProperties) = preSolution
		HideSolutionNode = FALSE
	EndGlobalSection
	GlobalSection(NestedProjects) = preSolution
		{77ADA86B-0544-42C9-A77B-53AA6C652143} = {C748C3D7-7493-47DE-AC59-D4CA7ABF3A38}
		{AA2DC9D7-EBD8-4BD1-89DA-71A463D44EA2} = {C748C3D7-7493-47DE-AC59-D4CA7ABF3A38}
	EndGlobalSection
	GlobalSection(ExtensibilityGlobals) = postSolution
		SolutionGuid = {C37E766E-DC77-494F-A47D-7A4307A1BCA7}
	EndGlobalSection
EndGlobal
